# This file is generated by running "yarn install" inside your project.
# Manual changes might be lost - proceed with caution!

__metadata:
  version: 6
  cacheKey: 8

"@esbuild/android-arm64@npm:0.18.15":
  version: 0.18.15
  resolution: "@esbuild/android-arm64@npm:0.18.15"
  conditions: os=android & cpu=arm64
  languageName: node
  linkType: hard

"@esbuild/android-arm@npm:0.18.15":
  version: 0.18.15
  resolution: "@esbuild/android-arm@npm:0.18.15"
  conditions: os=android & cpu=arm
  languageName: node
  linkType: hard

"@esbuild/android-x64@npm:0.18.15":
  version: 0.18.15
  resolution: "@esbuild/android-x64@npm:0.18.15"
  conditions: os=android & cpu=x64
  languageName: node
  linkType: hard

"@esbuild/darwin-arm64@npm:0.18.15":
  version: 0.18.15
  resolution: "@esbuild/darwin-arm64@npm:0.18.15"
  conditions: os=darwin & cpu=arm64
  languageName: node
  linkType: hard

"@esbuild/darwin-x64@npm:0.18.15":
  version: 0.18.15
  resolution: "@esbuild/darwin-x64@npm:0.18.15"
  conditions: os=darwin & cpu=x64
  languageName: node
  linkType: hard

"@esbuild/freebsd-arm64@npm:0.18.15":
  version: 0.18.15
  resolution: "@esbuild/freebsd-arm64@npm:0.18.15"
  conditions: os=freebsd & cpu=arm64
  languageName: node
  linkType: hard

"@esbuild/freebsd-x64@npm:0.18.15":
  version: 0.18.15
  resolution: "@esbuild/freebsd-x64@npm:0.18.15"
  conditions: os=freebsd & cpu=x64
  languageName: node
  linkType: hard

"@esbuild/linux-arm64@npm:0.18.15":
  version: 0.18.15
  resolution: "@esbuild/linux-arm64@npm:0.18.15"
  conditions: os=linux & cpu=arm64
  languageName: node
  linkType: hard

"@esbuild/linux-arm@npm:0.18.15":
  version: 0.18.15
  resolution: "@esbuild/linux-arm@npm:0.18.15"
  conditions: os=linux & cpu=arm
  languageName: node
  linkType: hard

"@esbuild/linux-ia32@npm:0.18.15":
  version: 0.18.15
  resolution: "@esbuild/linux-ia32@npm:0.18.15"
  conditions: os=linux & cpu=ia32
  languageName: node
  linkType: hard

"@esbuild/linux-loong64@npm:0.18.15":
  version: 0.18.15
  resolution: "@esbuild/linux-loong64@npm:0.18.15"
  conditions: os=linux & cpu=loong64
  languageName: node
  linkType: hard

"@esbuild/linux-mips64el@npm:0.18.15":
  version: 0.18.15
  resolution: "@esbuild/linux-mips64el@npm:0.18.15"
  conditions: os=linux & cpu=mips64el
  languageName: node
  linkType: hard

"@esbuild/linux-ppc64@npm:0.18.15":
  version: 0.18.15
  resolution: "@esbuild/linux-ppc64@npm:0.18.15"
  conditions: os=linux & cpu=ppc64
  languageName: node
  linkType: hard

"@esbuild/linux-riscv64@npm:0.18.15":
  version: 0.18.15
  resolution: "@esbuild/linux-riscv64@npm:0.18.15"
  conditions: os=linux & cpu=riscv64
  languageName: node
  linkType: hard

"@esbuild/linux-s390x@npm:0.18.15":
  version: 0.18.15
  resolution: "@esbuild/linux-s390x@npm:0.18.15"
  conditions: os=linux & cpu=s390x
  languageName: node
  linkType: hard

"@esbuild/linux-x64@npm:0.18.15":
  version: 0.18.15
  resolution: "@esbuild/linux-x64@npm:0.18.15"
  conditions: os=linux & cpu=x64
  languageName: node
  linkType: hard

"@esbuild/netbsd-x64@npm:0.18.15":
  version: 0.18.15
  resolution: "@esbuild/netbsd-x64@npm:0.18.15"
  conditions: os=netbsd & cpu=x64
  languageName: node
  linkType: hard

"@esbuild/openbsd-x64@npm:0.18.15":
  version: 0.18.15
  resolution: "@esbuild/openbsd-x64@npm:0.18.15"
  conditions: os=openbsd & cpu=x64
  languageName: node
  linkType: hard

"@esbuild/sunos-x64@npm:0.18.15":
  version: 0.18.15
  resolution: "@esbuild/sunos-x64@npm:0.18.15"
  conditions: os=sunos & cpu=x64
  languageName: node
  linkType: hard

"@esbuild/win32-arm64@npm:0.18.15":
  version: 0.18.15
  resolution: "@esbuild/win32-arm64@npm:0.18.15"
  conditions: os=win32 & cpu=arm64
  languageName: node
  linkType: hard

"@esbuild/win32-ia32@npm:0.18.15":
  version: 0.18.15
  resolution: "@esbuild/win32-ia32@npm:0.18.15"
  conditions: os=win32 & cpu=ia32
  languageName: node
  linkType: hard

"@esbuild/win32-x64@npm:0.18.15":
  version: 0.18.15
  resolution: "@esbuild/win32-x64@npm:0.18.15"
  conditions: os=win32 & cpu=x64
  languageName: node
  linkType: hard

"@types/node@npm:*":
  version: 20.4.2
  resolution: "@types/node@npm:20.4.2"
  checksum: 99e544ea7560d51f01f95627fc40394c24a13da8f041121a0da13e4ef0a2aa332932eaf9a5e8d0e30d1c07106e96a183be392cbba62e8cf0bf6a085d5c0f4149
  languageName: node
  linkType: hard

"@types/tar-fs@npm:^2.0.1":
  version: 2.0.1
  resolution: "@types/tar-fs@npm:2.0.1"
  dependencies:
    "@types/node": "*"
    "@types/tar-stream": "*"
  checksum: 07042a5c850e1d4b4dd62224491d33a540a8842139d2abf5547ce8d7bda2a5c557beebe14f59b3ab018bd49b596e9e2b349fa4d17279cf3dc0f918642f2a7ef9
  languageName: node
  linkType: hard

"@types/tar-stream@npm:*":
  version: 2.2.2
  resolution: "@types/tar-stream@npm:2.2.2"
  dependencies:
    "@types/node": "*"
  checksum: 4b33bc0d53770e952d6e2e8acb8889190510326a3e255d0c6edd94136d6027ecae939a7b49188d1d02d774328d9a3742ff633d505709d1a1200b3413c88d793d
  languageName: node
  linkType: hard

"asynckit@npm:^0.4.0":
  version: 0.4.0
  resolution: "asynckit@npm:0.4.0"
  checksum: 7b78c451df768adba04e2d02e63e2d0bf3b07adcd6e42b4cf665cb7ce899bedd344c69a1dcbce355b5f972d597b25aaa1c1742b52cffd9caccb22f348114f6be
  languageName: node
  linkType: hard

"axios@npm:^1.4.0":
  version: 1.4.0
  resolution: "axios@npm:1.4.0"
  dependencies:
    follow-redirects: ^1.15.0
    form-data: ^4.0.0
    proxy-from-env: ^1.1.0
  checksum: 7fb6a4313bae7f45e89d62c70a800913c303df653f19eafec88e56cea2e3821066b8409bc68be1930ecca80e861c52aa787659df0ffec6ad4d451c7816b9386b
  languageName: node
  linkType: hard

"b4a@npm:^1.6.4":
  version: 1.6.4
  resolution: "b4a@npm:1.6.4"
  checksum: 81b086f9af1f8845fbef4476307236bda3d660c158c201db976f19cdce05f41f93110ab6b12fd7a2696602a490cc43d5410ee36a56d6eef93afb0d6ca69ac3b2
  languageName: node
  linkType: hard

"combined-stream@npm:^1.0.8":
  version: 1.0.8
  resolution: "combined-stream@npm:1.0.8"
  dependencies:
    delayed-stream: ~1.0.0
  checksum: 49fa4aeb4916567e33ea81d088f6584749fc90c7abec76fd516bf1c5aa5c79f3584b5ba3de6b86d26ddd64bae5329c4c7479343250cfe71c75bb366eae53bb7c
  languageName: node
  linkType: hard

"delayed-stream@npm:~1.0.0":
  version: 1.0.0
  resolution: "delayed-stream@npm:1.0.0"
  checksum: 46fe6e83e2cb1d85ba50bd52803c68be9bd953282fa7096f51fc29edd5d67ff84ff753c51966061e5ba7cb5e47ef6d36a91924eddb7f3f3483b1c560f77a0020
  languageName: node
  linkType: hard

"end-of-stream@npm:^1.1.0":
  version: 1.4.4
  resolution: "end-of-stream@npm:1.4.4"
  dependencies:
    once: ^1.4.0
  checksum: 530a5a5a1e517e962854a31693dbb5c0b2fc40b46dad2a56a2deec656ca040631124f4795823acc68238147805f8b021abbe221f4afed5ef3c8e8efc2024908b
  languageName: node
  linkType: hard

"esbuild@npm:^0.18.4":
  version: 0.18.15
  resolution: "esbuild@npm:0.18.15"
  dependencies:
    "@esbuild/android-arm": 0.18.15
    "@esbuild/android-arm64": 0.18.15
    "@esbuild/android-x64": 0.18.15
    "@esbuild/darwin-arm64": 0.18.15
    "@esbuild/darwin-x64": 0.18.15
    "@esbuild/freebsd-arm64": 0.18.15
    "@esbuild/freebsd-x64": 0.18.15
    "@esbuild/linux-arm": 0.18.15
    "@esbuild/linux-arm64": 0.18.15
    "@esbuild/linux-ia32": 0.18.15
    "@esbuild/linux-loong64": 0.18.15
    "@esbuild/linux-mips64el": 0.18.15
    "@esbuild/linux-ppc64": 0.18.15
    "@esbuild/linux-riscv64": 0.18.15
    "@esbuild/linux-s390x": 0.18.15
    "@esbuild/linux-x64": 0.18.15
    "@esbuild/netbsd-x64": 0.18.15
    "@esbuild/openbsd-x64": 0.18.15
    "@esbuild/sunos-x64": 0.18.15
    "@esbuild/win32-arm64": 0.18.15
    "@esbuild/win32-ia32": 0.18.15
    "@esbuild/win32-x64": 0.18.15
  dependenciesMeta:
    "@esbuild/android-arm":
      optional: true
    "@esbuild/android-arm64":
      optional: true
    "@esbuild/android-x64":
      optional: true
    "@esbuild/darwin-arm64":
      optional: true
    "@esbuild/darwin-x64":
      optional: true
    "@esbuild/freebsd-arm64":
      optional: true
    "@esbuild/freebsd-x64":
      optional: true
    "@esbuild/linux-arm":
      optional: true
    "@esbuild/linux-arm64":
      optional: true
    "@esbuild/linux-ia32":
      optional: true
    "@esbuild/linux-loong64":
      optional: true
    "@esbuild/linux-mips64el":
      optional: true
    "@esbuild/linux-ppc64":
      optional: true
    "@esbuild/linux-riscv64":
      optional: true
    "@esbuild/linux-s390x":
      optional: true
    "@esbuild/linux-x64":
      optional: true
    "@esbuild/netbsd-x64":
      optional: true
    "@esbuild/openbsd-x64":
      optional: true
    "@esbuild/sunos-x64":
      optional: true
    "@esbuild/win32-arm64":
      optional: true
    "@esbuild/win32-ia32":
      optional: true
    "@esbuild/win32-x64":
      optional: true
  bin:
    esbuild: bin/esbuild
  checksum: 81eb78fb5ff9f4304512e383f518862875fa7a0cce0ef9e0270d80ebd21bf0210d5cd6cf721f8a96ca64cc2d36ade03d9ed80cbcd5e81530b5a7b95ab86f8ca6
  languageName: node
  linkType: hard

"fast-fifo@npm:^1.1.0, fast-fifo@npm:^1.2.0":
  version: 1.3.0
  resolution: "fast-fifo@npm:1.3.0"
  checksum: edc589b818eede61d0048f399daf67cbc5ef736588669482a20f37269b4808356e54ab89676fd8fa59b26c216c11e5ac57335cc70dca54fbbf692d4acde10de6
  languageName: node
  linkType: hard

"follow-redirects@npm:^1.15.0":
  version: 1.15.2
  resolution: "follow-redirects@npm:1.15.2"
  peerDependenciesMeta:
    debug:
      optional: true
  checksum: faa66059b66358ba65c234c2f2a37fcec029dc22775f35d9ad6abac56003268baf41e55f9ee645957b32c7d9f62baf1f0b906e68267276f54ec4b4c597c2b190
  languageName: node
  linkType: hard

"form-data@npm:^4.0.0":
  version: 4.0.0
  resolution: "form-data@npm:4.0.0"
  dependencies:
    asynckit: ^0.4.0
    combined-stream: ^1.0.8
    mime-types: ^2.1.12
  checksum: 01135bf8675f9d5c61ff18e2e2932f719ca4de964e3be90ef4c36aacfc7b9cb2fceb5eca0b7e0190e3383fe51c5b37f4cb80b62ca06a99aaabfcfd6ac7c9328c
  languageName: node
  linkType: hard

"mime-db@npm:1.52.0":
  version: 1.52.0
  resolution: "mime-db@npm:1.52.0"
  checksum: 0d99a03585f8b39d68182803b12ac601d9c01abfa28ec56204fa330bc9f3d1c5e14beb049bafadb3dbdf646dfb94b87e24d4ec7b31b7279ef906a8ea9b6a513f
  languageName: node
  linkType: hard

"mime-types@npm:^2.1.12":
  version: 2.1.35
  resolution: "mime-types@npm:2.1.35"
  dependencies:
    mime-db: 1.52.0
  checksum: 89a5b7f1def9f3af5dad6496c5ed50191ae4331cc5389d7c521c8ad28d5fdad2d06fd81baf38fed813dc4e46bb55c8145bb0ff406330818c9cf712fb2e9b3836
  languageName: node
  linkType: hard

"mkdirp-classic@npm:^0.5.2":
  version: 0.5.3
  resolution: "mkdirp-classic@npm:0.5.3"
  checksum: 3f4e088208270bbcc148d53b73e9a5bd9eef05ad2cbf3b3d0ff8795278d50dd1d11a8ef1875ff5aea3fa888931f95bfcb2ad5b7c1061cfefd6284d199e6776ac
  languageName: node
  linkType: hard

"omni-extension-sharp@workspace:.":
  version: 0.0.0-use.local
  resolution: "omni-extension-sharp@workspace:."
  dependencies:
    "@types/tar-fs": ^2.0.1
    axios: ^1.4.0
    esbuild: ^0.18.4
    tar-fs: ^3.0.4
    typescript: ^5.1.3
  languageName: unknown
  linkType: soft

"once@npm:^1.3.1, once@npm:^1.4.0":
  version: 1.4.0
  resolution: "once@npm:1.4.0"
  dependencies:
    wrappy: 1
  checksum: cd0a88501333edd640d95f0d2700fbde6bff20b3d4d9bdc521bdd31af0656b5706570d6c6afe532045a20bb8dc0849f8332d6f2a416e0ba6d3d3b98806c7db68
  languageName: node
  linkType: hard

"proxy-from-env@npm:^1.1.0":
  version: 1.1.0
  resolution: "proxy-from-env@npm:1.1.0"
  checksum: ed7fcc2ba0a33404958e34d95d18638249a68c430e30fcb6c478497d72739ba64ce9810a24f53a7d921d0c065e5b78e3822759800698167256b04659366ca4d4
  languageName: node
  linkType: hard

"pump@npm:^3.0.0":
  version: 3.0.0
  resolution: "pump@npm:3.0.0"
  dependencies:
    end-of-stream: ^1.1.0
    once: ^1.3.1
  checksum: e42e9229fba14732593a718b04cb5e1cfef8254544870997e0ecd9732b189a48e1256e4e5478148ecb47c8511dca2b09eae56b4d0aad8009e6fac8072923cfc9
  languageName: node
  linkType: hard

"queue-tick@npm:^1.0.1":
  version: 1.0.1
  resolution: "queue-tick@npm:1.0.1"
  checksum: 57c3292814b297f87f792fbeb99ce982813e4e54d7a8bdff65cf53d5c084113913289d4a48ec8bbc964927a74b847554f9f4579df43c969a6c8e0f026457ad01
  languageName: node
  linkType: hard

"streamx@npm:^2.15.0":
  version: 2.15.0
  resolution: "streamx@npm:2.15.0"
  dependencies:
    fast-fifo: ^1.1.0
    queue-tick: ^1.0.1
  checksum: 6f1dcdc326d57fa4ec0c2aade730b701d28e4e206047c230c6b3f6ac25b28f79809533342dd3e11861237dbd14f3af9ab83be972f569ccdf5eddc5c7ffeb657a
  languageName: node
  linkType: hard

"tar-fs@npm:^3.0.4":
  version: 3.0.4
  resolution: "tar-fs@npm:3.0.4"
  dependencies:
    mkdirp-classic: ^0.5.2
    pump: ^3.0.0
    tar-stream: ^3.1.5
  checksum: dcf4054f9e92ca0efe61c2b3f612914fb259a47900aa908a63106513a6d006c899b426ada53eb88d9dbbf089b5724c8e90b96a2c4ca6171845fa14203d734e30
  languageName: node
  linkType: hard

"tar-stream@npm:^3.1.5":
  version: 3.1.6
  resolution: "tar-stream@npm:3.1.6"
  dependencies:
    b4a: ^1.6.4
    fast-fifo: ^1.2.0
    streamx: ^2.15.0
  checksum: f3627f918581976e954ff03cb8d370551053796b82564f8c7ca8fac84c48e4d042026d0854fc222171a34ff9c682b72fae91be9c9b0a112d4c54f9e4f443e9c5
  languageName: node
  linkType: hard

"typescript@npm:^5.1.3":
  version: 5.1.6
  resolution: "typescript@npm:5.1.6"
  bin:
    tsc: bin/tsc
    tsserver: bin/tsserver
  checksum: b2f2c35096035fe1f5facd1e38922ccb8558996331405eb00a5111cc948b2e733163cc22fab5db46992aba7dd520fff637f2c1df4996ff0e134e77d3249a7350
  languageName: node
  linkType: hard

"typescript@patch:typescript@^5.1.3#~builtin<compat/typescript>":
  version: 5.1.6
  resolution: "typescript@patch:typescript@npm%3A5.1.6#~builtin<compat/typescript>::version=5.1.6&hash=ad5954"
  bin:
    tsc: bin/tsc
    tsserver: bin/tsserver
  checksum: 21e88b0a0c0226f9cb9fd25b9626fb05b4c0f3fddac521844a13e1f30beb8f14e90bd409a9ac43c812c5946d714d6e0dee12d5d02dfc1c562c5aacfa1f49b606
  languageName: node
  linkType: hard

"wrappy@npm:1":
  version: 1.0.2
  resolution: "wrappy@npm:1.0.2"
  checksum: 159da4805f7e84a3d003d8841557196034155008f817172d4e986bd591f74aa82aa7db55929a54222309e01079a65a92a9e6414da5a6aa4b01ee44a511ac3ee5
  languageName: node
  linkType: hard
