# This file is generated by running "yarn install" inside your project.
# Manual changes might be lost - proceed with caution!

__metadata:
  version: 6
  cacheKey: 8

"@esbuild/android-arm64@npm:0.18.15":
  version: 0.18.15
  resolution: "@esbuild/android-arm64@npm:0.18.15"
  conditions: os=android & cpu=arm64
  languageName: node
  linkType: hard

"@esbuild/android-arm@npm:0.18.15":
  version: 0.18.15
  resolution: "@esbuild/android-arm@npm:0.18.15"
  conditions: os=android & cpu=arm
  languageName: node
  linkType: hard

"@esbuild/android-x64@npm:0.18.15":
  version: 0.18.15
  resolution: "@esbuild/android-x64@npm:0.18.15"
  conditions: os=android & cpu=x64
  languageName: node
  linkType: hard

"@esbuild/darwin-arm64@npm:0.18.15":
  version: 0.18.15
  resolution: "@esbuild/darwin-arm64@npm:0.18.15"
  conditions: os=darwin & cpu=arm64
  languageName: node
  linkType: hard

"@esbuild/darwin-x64@npm:0.18.15":
  version: 0.18.15
  resolution: "@esbuild/darwin-x64@npm:0.18.15"
  conditions: os=darwin & cpu=x64
  languageName: node
  linkType: hard

"@esbuild/freebsd-arm64@npm:0.18.15":
  version: 0.18.15
  resolution: "@esbuild/freebsd-arm64@npm:0.18.15"
  conditions: os=freebsd & cpu=arm64
  languageName: node
  linkType: hard

"@esbuild/freebsd-x64@npm:0.18.15":
  version: 0.18.15
  resolution: "@esbuild/freebsd-x64@npm:0.18.15"
  conditions: os=freebsd & cpu=x64
  languageName: node
  linkType: hard

"@esbuild/linux-arm64@npm:0.18.15":
  version: 0.18.15
  resolution: "@esbuild/linux-arm64@npm:0.18.15"
  conditions: os=linux & cpu=arm64
  languageName: node
  linkType: hard

"@esbuild/linux-arm@npm:0.18.15":
  version: 0.18.15
  resolution: "@esbuild/linux-arm@npm:0.18.15"
  conditions: os=linux & cpu=arm
  languageName: node
  linkType: hard

"@esbuild/linux-ia32@npm:0.18.15":
  version: 0.18.15
  resolution: "@esbuild/linux-ia32@npm:0.18.15"
  conditions: os=linux & cpu=ia32
  languageName: node
  linkType: hard

"@esbuild/linux-loong64@npm:0.18.15":
  version: 0.18.15
  resolution: "@esbuild/linux-loong64@npm:0.18.15"
  conditions: os=linux & cpu=loong64
  languageName: node
  linkType: hard

"@esbuild/linux-mips64el@npm:0.18.15":
  version: 0.18.15
  resolution: "@esbuild/linux-mips64el@npm:0.18.15"
  conditions: os=linux & cpu=mips64el
  languageName: node
  linkType: hard

"@esbuild/linux-ppc64@npm:0.18.15":
  version: 0.18.15
  resolution: "@esbuild/linux-ppc64@npm:0.18.15"
  conditions: os=linux & cpu=ppc64
  languageName: node
  linkType: hard

"@esbuild/linux-riscv64@npm:0.18.15":
  version: 0.18.15
  resolution: "@esbuild/linux-riscv64@npm:0.18.15"
  conditions: os=linux & cpu=riscv64
  languageName: node
  linkType: hard

"@esbuild/linux-s390x@npm:0.18.15":
  version: 0.18.15
  resolution: "@esbuild/linux-s390x@npm:0.18.15"
  conditions: os=linux & cpu=s390x
  languageName: node
  linkType: hard

"@esbuild/linux-x64@npm:0.18.15":
  version: 0.18.15
  resolution: "@esbuild/linux-x64@npm:0.18.15"
  conditions: os=linux & cpu=x64
  languageName: node
  linkType: hard

"@esbuild/netbsd-x64@npm:0.18.15":
  version: 0.18.15
  resolution: "@esbuild/netbsd-x64@npm:0.18.15"
  conditions: os=netbsd & cpu=x64
  languageName: node
  linkType: hard

"@esbuild/openbsd-x64@npm:0.18.15":
  version: 0.18.15
  resolution: "@esbuild/openbsd-x64@npm:0.18.15"
  conditions: os=openbsd & cpu=x64
  languageName: node
  linkType: hard

"@esbuild/sunos-x64@npm:0.18.15":
  version: 0.18.15
  resolution: "@esbuild/sunos-x64@npm:0.18.15"
  conditions: os=sunos & cpu=x64
  languageName: node
  linkType: hard

"@esbuild/win32-arm64@npm:0.18.15":
  version: 0.18.15
  resolution: "@esbuild/win32-arm64@npm:0.18.15"
  conditions: os=win32 & cpu=arm64
  languageName: node
  linkType: hard

"@esbuild/win32-ia32@npm:0.18.15":
  version: 0.18.15
  resolution: "@esbuild/win32-ia32@npm:0.18.15"
  conditions: os=win32 & cpu=ia32
  languageName: node
  linkType: hard

"@esbuild/win32-x64@npm:0.18.15":
  version: 0.18.15
  resolution: "@esbuild/win32-x64@npm:0.18.15"
  conditions: os=win32 & cpu=x64
  languageName: node
  linkType: hard

"@types/node@npm:*":
  version: 20.4.2
  resolution: "@types/node@npm:20.4.2"
  checksum: 99e544ea7560d51f01f95627fc40394c24a13da8f041121a0da13e4ef0a2aa332932eaf9a5e8d0e30d1c07106e96a183be392cbba62e8cf0bf6a085d5c0f4149
  languageName: node
  linkType: hard

"@types/tar-fs@npm:^2.0.1":
  version: 2.0.1
  resolution: "@types/tar-fs@npm:2.0.1"
  dependencies:
    "@types/node": "*"
    "@types/tar-stream": "*"
  checksum: 07042a5c850e1d4b4dd62224491d33a540a8842139d2abf5547ce8d7bda2a5c557beebe14f59b3ab018bd49b596e9e2b349fa4d17279cf3dc0f918642f2a7ef9
  languageName: node
  linkType: hard

"@types/tar-stream@npm:*":
  version: 2.2.2
  resolution: "@types/tar-stream@npm:2.2.2"
  dependencies:
    "@types/node": "*"
  checksum: 4b33bc0d53770e952d6e2e8acb8889190510326a3e255d0c6edd94136d6027ecae939a7b49188d1d02d774328d9a3742ff633d505709d1a1200b3413c88d793d
  languageName: node
  linkType: hard

"asynckit@npm:^0.4.0":
  version: 0.4.0
  resolution: "asynckit@npm:0.4.0"
  checksum: 7b78c451df768adba04e2d02e63e2d0bf3b07adcd6e42b4cf665cb7ce899bedd344c69a1dcbce355b5f972d597b25aaa1c1742b52cffd9caccb22f348114f6be
  languageName: node
  linkType: hard

"axios@npm:^1.4.0":
  version: 1.4.0
  resolution: "axios@npm:1.4.0"
  dependencies:
    follow-redirects: ^1.15.0
    form-data: ^4.0.0
    proxy-from-env: ^1.1.0
  checksum: 7fb6a4313bae7f45e89d62c70a800913c303df653f19eafec88e56cea2e3821066b8409bc68be1930ecca80e861c52aa787659df0ffec6ad4d451c7816b9386b
  languageName: node
  linkType: hard

"combined-stream@npm:^1.0.8":
  version: 1.0.8
  resolution: "combined-stream@npm:1.0.8"
  dependencies:
    delayed-stream: ~1.0.0
  checksum: 49fa4aeb4916567e33ea81d088f6584749fc90c7abec76fd516bf1c5aa5c79f3584b5ba3de6b86d26ddd64bae5329c4c7479343250cfe71c75bb366eae53bb7c
  languageName: node
  linkType: hard

"delayed-stream@npm:~1.0.0":
  version: 1.0.0
  resolution: "delayed-stream@npm:1.0.0"
  checksum: 46fe6e83e2cb1d85ba50bd52803c68be9bd953282fa7096f51fc29edd5d67ff84ff753c51966061e5ba7cb5e47ef6d36a91924eddb7f3f3483b1c560f77a0020
  languageName: node
  linkType: hard

"esbuild@npm:^0.18.4":
  version: 0.18.15
  resolution: "esbuild@npm:0.18.15"
  dependencies:
    "@esbuild/android-arm": 0.18.15
    "@esbuild/android-arm64": 0.18.15
    "@esbuild/android-x64": 0.18.15
    "@esbuild/darwin-arm64": 0.18.15
    "@esbuild/darwin-x64": 0.18.15
    "@esbuild/freebsd-arm64": 0.18.15
    "@esbuild/freebsd-x64": 0.18.15
    "@esbuild/linux-arm": 0.18.15
    "@esbuild/linux-arm64": 0.18.15
    "@esbuild/linux-ia32": 0.18.15
    "@esbuild/linux-loong64": 0.18.15
    "@esbuild/linux-mips64el": 0.18.15
    "@esbuild/linux-ppc64": 0.18.15
    "@esbuild/linux-riscv64": 0.18.15
    "@esbuild/linux-s390x": 0.18.15
    "@esbuild/linux-x64": 0.18.15
    "@esbuild/netbsd-x64": 0.18.15
    "@esbuild/openbsd-x64": 0.18.15
    "@esbuild/sunos-x64": 0.18.15
    "@esbuild/win32-arm64": 0.18.15
    "@esbuild/win32-ia32": 0.18.15
    "@esbuild/win32-x64": 0.18.15
  dependenciesMeta:
    "@esbuild/android-arm":
      optional: true
    "@esbuild/android-arm64":
      optional: true
    "@esbuild/android-x64":
      optional: true
    "@esbuild/darwin-arm64":
      optional: true
    "@esbuild/darwin-x64":
      optional: true
    "@esbuild/freebsd-arm64":
      optional: true
    "@esbuild/freebsd-x64":
      optional: true
    "@esbuild/linux-arm":
      optional: true
    "@esbuild/linux-arm64":
      optional: true
    "@esbuild/linux-ia32":
      optional: true
    "@esbuild/linux-loong64":
      optional: true
    "@esbuild/linux-mips64el":
      optional: true
    "@esbuild/linux-ppc64":
      optional: true
    "@esbuild/linux-riscv64":
      optional: true
    "@esbuild/linux-s390x":
      optional: true
    "@esbuild/linux-x64":
      optional: true
    "@esbuild/netbsd-x64":
      optional: true
    "@esbuild/openbsd-x64":
      optional: true
    "@esbuild/sunos-x64":
      optional: true
    "@esbuild/win32-arm64":
      optional: true
    "@esbuild/win32-ia32":
      optional: true
    "@esbuild/win32-x64":
      optional: true
  bin:
    esbuild: bin/esbuild
  checksum: 81eb78fb5ff9f4304512e383f518862875fa7a0cce0ef9e0270d80ebd21bf0210d5cd6cf721f8a96ca64cc2d36ade03d9ed80cbcd5e81530b5a7b95ab86f8ca6
  languageName: node
  linkType: hard

"follow-redirects@npm:^1.15.0":
  version: 1.15.4
  resolution: "follow-redirects@npm:1.15.4"
  peerDependenciesMeta:
    debug:
      optional: true
  checksum: e178d1deff8b23d5d24ec3f7a94cde6e47d74d0dc649c35fc9857041267c12ec5d44650a0c5597ef83056ada9ea6ca0c30e7c4f97dbf07d035086be9e6a5b7b6
  languageName: node
  linkType: hard

"form-data@npm:^4.0.0":
  version: 4.0.0
  resolution: "form-data@npm:4.0.0"
  dependencies:
    asynckit: ^0.4.0
    combined-stream: ^1.0.8
    mime-types: ^2.1.12
  checksum: 01135bf8675f9d5c61ff18e2e2932f719ca4de964e3be90ef4c36aacfc7b9cb2fceb5eca0b7e0190e3383fe51c5b37f4cb80b62ca06a99aaabfcfd6ac7c9328c
  languageName: node
  linkType: hard

"mime-db@npm:1.52.0":
  version: 1.52.0
  resolution: "mime-db@npm:1.52.0"
  checksum: 0d99a03585f8b39d68182803b12ac601d9c01abfa28ec56204fa330bc9f3d1c5e14beb049bafadb3dbdf646dfb94b87e24d4ec7b31b7279ef906a8ea9b6a513f
  languageName: node
  linkType: hard

"mime-types@npm:^2.1.12":
  version: 2.1.35
  resolution: "mime-types@npm:2.1.35"
  dependencies:
    mime-db: 1.52.0
  checksum: 89a5b7f1def9f3af5dad6496c5ed50191ae4331cc5389d7c521c8ad28d5fdad2d06fd81baf38fed813dc4e46bb55c8145bb0ff406330818c9cf712fb2e9b3836
  languageName: node
  linkType: hard

"omni-extension-sharp@workspace:.":
  version: 0.0.0-use.local
  resolution: "omni-extension-sharp@workspace:."
  dependencies:
    "@types/tar-fs": ^2.0.1
    axios: ^1.4.0
    esbuild: ^0.18.4
    typescript: ^5.1.3
  languageName: unknown
  linkType: soft

"proxy-from-env@npm:^1.1.0":
  version: 1.1.0
  resolution: "proxy-from-env@npm:1.1.0"
  checksum: ed7fcc2ba0a33404958e34d95d18638249a68c430e30fcb6c478497d72739ba64ce9810a24f53a7d921d0c065e5b78e3822759800698167256b04659366ca4d4
  languageName: node
  linkType: hard

"typescript@npm:^5.1.3":
  version: 5.1.6
  resolution: "typescript@npm:5.1.6"
  bin:
    tsc: bin/tsc
    tsserver: bin/tsserver
  checksum: b2f2c35096035fe1f5facd1e38922ccb8558996331405eb00a5111cc948b2e733163cc22fab5db46992aba7dd520fff637f2c1df4996ff0e134e77d3249a7350
  languageName: node
  linkType: hard

"typescript@patch:typescript@^5.1.3#~builtin<compat/typescript>":
  version: 5.1.6
  resolution: "typescript@patch:typescript@npm%3A5.1.6#~builtin<compat/typescript>::version=5.1.6&hash=ad5954"
  bin:
    tsc: bin/tsc
    tsserver: bin/tsserver
  checksum: 21e88b0a0c0226f9cb9fd25b9626fb05b4c0f3fddac521844a13e1f30beb8f14e90bd409a9ac43c812c5946d714d6e0dee12d5d02dfc1c562c5aacfa1f49b606
  languageName: node
  linkType: hard
